
Microsoft Visual Studio Solution File, Format Version 12.00
# Visual Studio Version 17
VisualStudioVersion = 17.0.31903.59
MinimumVisualStudioVersion = 10.0.40219.1
Project("{FAE04EC0-301F-11D3-BF4B-00C04F79EFBC}") = "VibeConsoleApp", "src\VibeConsoleApp\VibeConsoleApp.csproj", "{11111111-1111-1111-1111-111111111111}"
EndProject
Project("{FAE04EC0-301F-11D3-BF4B-00C04F79EFBC}") = "VibeConsoleApp.Tests", "tests\VibeConsoleApp.Tests\VibeConsoleApp.Tests.csproj", "{22222222-2222-2222-2222-222222222222}"
EndProject
Project("{2150E333-8FDC-42A3-9474-1A3956D46DE8}") = "src", "src", "{827E0CD3-B72D-47B6-A68D-7590B98EB39B}"
EndProject
Project("{FAE04EC0-301F-11D3-BF4B-00C04F79EFBC}") = "SudokuMoveAdvisor.Core", "src\SudokuMoveAdvisor.Core\SudokuMoveAdvisor.Core.csproj", "{C0876728-B7B4-4251-8B4D-8B4B38758D68}"
EndProject
Project("{FAE04EC0-301F-11D3-BF4B-00C04F79EFBC}") = "SudokuMoveAdvisor.Web", "src\SudokuMoveAdvisor.Web\SudokuMoveAdvisor.Web.csproj", "{1876E4A8-6A18-4B10-A16F-0EE13AC01D50}"
EndProject
Global
	GlobalSection(SolutionConfigurationPlatforms) = preSolution
		Debug|Any CPU = Debug|Any CPU
		Debug|x64 = Debug|x64
		Debug|x86 = Debug|x86
		Release|Any CPU = Release|Any CPU
		Release|x64 = Release|x64
		Release|x86 = Release|x86
	EndGlobalSection
	GlobalSection(ProjectConfigurationPlatforms) = postSolution
		{11111111-1111-1111-1111-111111111111}.Debug|Any CPU.ActiveCfg = Debug|Any CPU
		{11111111-1111-1111-1111-111111111111}.Debug|Any CPU.Build.0 = Debug|Any CPU
		{11111111-1111-1111-1111-111111111111}.Debug|x64.ActiveCfg = Debug|Any CPU
		{11111111-1111-1111-1111-111111111111}.Debug|x64.Build.0 = Debug|Any CPU
		{11111111-1111-1111-1111-111111111111}.Debug|x86.ActiveCfg = Debug|Any CPU
		{11111111-1111-1111-1111-111111111111}.Debug|x86.Build.0 = Debug|Any CPU
		{11111111-1111-1111-1111-111111111111}.Release|Any CPU.ActiveCfg = Release|Any CPU
		{11111111-1111-1111-1111-111111111111}.Release|Any CPU.Build.0 = Release|Any CPU
		{11111111-1111-1111-1111-111111111111}.Release|x64.ActiveCfg = Release|Any CPU
		{11111111-1111-1111-1111-111111111111}.Release|x64.Build.0 = Release|Any CPU
		{11111111-1111-1111-1111-111111111111}.Release|x86.ActiveCfg = Release|Any CPU
		{11111111-1111-1111-1111-111111111111}.Release|x86.Build.0 = Release|Any CPU
		{22222222-2222-2222-2222-222222222222}.Debug|Any CPU.ActiveCfg = Debug|Any CPU
		{22222222-2222-2222-2222-222222222222}.Debug|Any CPU.Build.0 = Debug|Any CPU
		{22222222-2222-2222-2222-222222222222}.Debug|x64.ActiveCfg = Debug|Any CPU
		{22222222-2222-2222-2222-222222222222}.Debug|x64.Build.0 = Debug|Any CPU
		{22222222-2222-2222-2222-222222222222}.Debug|x86.ActiveCfg = Debug|Any CPU
		{22222222-2222-2222-2222-222222222222}.Debug|x86.Build.0 = Debug|Any CPU
		{22222222-2222-2222-2222-222222222222}.Release|Any CPU.ActiveCfg = Release|Any CPU
		{22222222-2222-2222-2222-222222222222}.Release|Any CPU.Build.0 = Release|Any CPU
		{22222222-2222-2222-2222-222222222222}.Release|x64.ActiveCfg = Release|Any CPU
		{22222222-2222-2222-2222-222222222222}.Release|x64.Build.0 = Release|Any CPU
		{22222222-2222-2222-2222-222222222222}.Release|x86.ActiveCfg = Release|Any CPU
		{22222222-2222-2222-2222-222222222222}.Release|x86.Build.0 = Release|Any CPU
		{C0876728-B7B4-4251-8B4D-8B4B38758D68}.Debug|Any CPU.ActiveCfg = Debug|Any CPU
		{C0876728-B7B4-4251-8B4D-8B4B38758D68}.Debug|Any CPU.Build.0 = Debug|Any CPU
		{C0876728-B7B4-4251-8B4D-8B4B38758D68}.Debug|x64.ActiveCfg = Debug|Any CPU
		{C0876728-B7B4-4251-8B4D-8B4B38758D68}.Debug|x64.Build.0 = Debug|Any CPU
		{C0876728-B7B4-4251-8B4D-8B4B38758D68}.Debug|x86.ActiveCfg = Debug|Any CPU
		{C0876728-B7B4-4251-8B4D-8B4B38758D68}.Debug|x86.Build.0 = Debug|Any CPU
		{C0876728-B7B4-4251-8B4D-8B4B38758D68}.Release|Any CPU.ActiveCfg = Release|Any CPU
		{C0876728-B7B4-4251-8B4D-8B4B38758D68}.Release|Any CPU.Build.0 = Release|Any CPU
		{C0876728-B7B4-4251-8B4D-8B4B38758D68}.Release|x64.ActiveCfg = Release|Any CPU
		{C0876728-B7B4-4251-8B4D-8B4B38758D68}.Release|x64.Build.0 = Release|Any CPU
		{C0876728-B7B4-4251-8B4D-8B4B38758D68}.Release|x86.ActiveCfg = Release|Any CPU
		{C0876728-B7B4-4251-8B4D-8B4B38758D68}.Release|x86.Build.0 = Release|Any CPU
		{1876E4A8-6A18-4B10-A16F-0EE13AC01D50}.Debug|Any CPU.ActiveCfg = Debug|Any CPU
		{1876E4A8-6A18-4B10-A16F-0EE13AC01D50}.Debug|Any CPU.Build.0 = Debug|Any CPU
		{1876E4A8-6A18-4B10-A16F-0EE13AC01D50}.Debug|x64.ActiveCfg = Debug|Any CPU
		{1876E4A8-6A18-4B10-A16F-0EE13AC01D50}.Debug|x64.Build.0 = Debug|Any CPU
		{1876E4A8-6A18-4B10-A16F-0EE13AC01D50}.Debug|x86.ActiveCfg = Debug|Any CPU
		{1876E4A8-6A18-4B10-A16F-0EE13AC01D50}.Debug|x86.Build.0 = Debug|Any CPU
		{1876E4A8-6A18-4B10-A16F-0EE13AC01D50}.Release|Any CPU.ActiveCfg = Release|Any CPU
		{1876E4A8-6A18-4B10-A16F-0EE13AC01D50}.Release|Any CPU.Build.0 = Release|Any CPU
		{1876E4A8-6A18-4B10-A16F-0EE13AC01D50}.Release|x64.ActiveCfg = Release|Any CPU
		{1876E4A8-6A18-4B10-A16F-0EE13AC01D50}.Release|x64.Build.0 = Release|Any CPU
		{1876E4A8-6A18-4B10-A16F-0EE13AC01D50}.Release|x86.ActiveCfg = Release|Any CPU
		{1876E4A8-6A18-4B10-A16F-0EE13AC01D50}.Release|x86.Build.0 = Release|Any CPU
	EndGlobalSection
	GlobalSection(SolutionProperties) = preSolution
		HideSolutionNode = FALSE
	EndGlobalSection
	GlobalSection(NestedProjects) = preSolution
		{C0876728-B7B4-4251-8B4D-8B4B38758D68} = {827E0CD3-B72D-47B6-A68D-7590B98EB39B}
		{1876E4A8-6A18-4B10-A16F-0EE13AC01D50} = {827E0CD3-B72D-47B6-A68D-7590B98EB39B}
	EndGlobalSection
EndGlobal
